
Microsoft Visual Studio Solution File, Format Version 12.00
# Visual Studio Version 16
VisualStudioVersion = 16.0.34601.136
MinimumVisualStudioVersion = 10.0.40219.1
Project("{FAE04EC0-301F-11D3-BF4B-00C04F79EFBC}") = "herencia", "herencia.csproj", "{D87AEDED-4A31-42FF-8581-D388B4DBFF37}"
EndProject
Global
	GlobalSection(SolutionConfigurationPlatforms) = preSolution
		Debug|Any CPU = Debug|Any CPU
		Release|Any CPU = Release|Any CPU
	EndGlobalSection
	GlobalSection(ProjectConfigurationPlatforms) = postSolution
		{D87AEDED-4A31-42FF-8581-D388B4DBFF37}.Debug|Any CPU.ActiveCfg = Debug|Any CPU
		{D87AEDED-4A31-42FF-8581-D388B4DBFF37}.Debug|Any CPU.Build.0 = Debug|Any CPU
		{D87AEDED-4A31-42FF-8581-D388B4DBFF37}.Release|Any CPU.ActiveCfg = Release|Any CPU
		{D87AEDED-4A31-42FF-8581-D388B4DBFF37}.Release|Any CPU.Build.0 = Release|Any CPU
	EndGlobalSection
	GlobalSection(SolutionProperties) = preSolution
		HideSolutionNode = FALSE
	EndGlobalSection
	GlobalSection(ExtensibilityGlobals) = postSolution
		SolutionGuid = {042D5913-94F0-434E-AFD6-ED500E97213B}
	EndGlobalSection
EndGlobal
